
Microsoft Visual Studio Solution File, Format Version 12.00
# Visual Studio Version 17
VisualStudioVersion = 17.11.35312.102
MinimumVisualStudioVersion = 10.0.40219.1
Project("{FAE04EC0-301F-11D3-BF4B-00C04F79EFBC}") = "UI", "WpfApp1\UI.csproj", "{5E48455C-C902-4E26-957D-9A0AF5688002}"
EndProject
Project("{FAE04EC0-301F-11D3-BF4B-00C04F79EFBC}") = "BLL", "BLL\BLL.csproj", "{0A0B0F25-7D3A-4857-B49A-62C958D04FDE}"
EndProject
Project("{FAE04EC0-301F-11D3-BF4B-00C04F79EFBC}") = "DAL", "DAL\DAL.csproj", "{F0EE97E9-0040-4F24-AC26-B445246F5F70}"
EndProject
Project("{FAE04EC0-301F-11D3-BF4B-00C04F79EFBC}") = "Ticket2Help.Tests", "Ticket2Help.Tests\Ticket2Help.Tests.csproj", "{8DFC5976-6FF9-460D-B51C-B5D5F851AC3E}"
EndProject
Global
	GlobalSection(SolutionConfigurationPlatforms) = preSolution
		Debug|Any CPU = Debug|Any CPU
		Release|Any CPU = Release|Any CPU
	EndGlobalSection
	GlobalSection(ProjectConfigurationPlatforms) = postSolution
		{5E48455C-C902-4E26-957D-9A0AF5688002}.Debug|Any CPU.ActiveCfg = Debug|Any CPU
		{5E48455C-C902-4E26-957D-9A0AF5688002}.Debug|Any CPU.Build.0 = Debug|Any CPU
		{5E48455C-C902-4E26-957D-9A0AF5688002}.Release|Any CPU.ActiveCfg = Release|Any CPU
		{5E48455C-C902-4E26-957D-9A0AF5688002}.Release|Any CPU.Build.0 = Release|Any CPU
		{0A0B0F25-7D3A-4857-B49A-62C958D04FDE}.Debug|Any CPU.ActiveCfg = Debug|Any CPU
		{0A0B0F25-7D3A-4857-B49A-62C958D04FDE}.Debug|Any CPU.Build.0 = Debug|Any CPU
		{0A0B0F25-7D3A-4857-B49A-62C958D04FDE}.Release|Any CPU.ActiveCfg = Release|Any CPU
		{0A0B0F25-7D3A-4857-B49A-62C958D04FDE}.Release|Any CPU.Build.0 = Release|Any CPU
		{F0EE97E9-0040-4F24-AC26-B445246F5F70}.Debug|Any CPU.ActiveCfg = Debug|Any CPU
		{F0EE97E9-0040-4F24-AC26-B445246F5F70}.Debug|Any CPU.Build.0 = Debug|Any CPU
		{F0EE97E9-0040-4F24-AC26-B445246F5F70}.Release|Any CPU.ActiveCfg = Release|Any CPU
		{F0EE97E9-0040-4F24-AC26-B445246F5F70}.Release|Any CPU.Build.0 = Release|Any CPU
		{8DFC5976-6FF9-460D-B51C-B5D5F851AC3E}.Debug|Any CPU.ActiveCfg = Debug|Any CPU
		{8DFC5976-6FF9-460D-B51C-B5D5F851AC3E}.Debug|Any CPU.Build.0 = Debug|Any CPU
		{8DFC5976-6FF9-460D-B51C-B5D5F851AC3E}.Release|Any CPU.ActiveCfg = Release|Any CPU
		{8DFC5976-6FF9-460D-B51C-B5D5F851AC3E}.Release|Any CPU.Build.0 = Release|Any CPU
	EndGlobalSection
	GlobalSection(SolutionProperties) = preSolution
		HideSolutionNode = FALSE
	EndGlobalSection
	GlobalSection(ExtensibilityGlobals) = postSolution
		SolutionGuid = {FF3DD4D2-7611-436A-A85B-CAECD745FB26}
	EndGlobalSection
EndGlobal
